// !$*UTF8*$!
{
	archiveVersion = 1;
	classes = {
	};
	objectVersion = 48;
	objects = {

/* Begin PBXBuildFile section */
		B22465082047F63500EDE2DF /* AppDelegate.m in Sources */ = {isa = PBXBuildFile; fileRef = B22465072047F63500EDE2DF /* AppDelegate.m */; };
		B224650B2047F63500EDE2DF /* ViewController.m in Sources */ = {isa = PBXBuildFile; fileRef = B224650A2047F63500EDE2DF /* ViewController.m */; };
		B224650E2047F63500EDE2DF /* Main.storyboard in Resources */ = {isa = PBXBuildFile; fileRef = B224650C2047F63500EDE2DF /* Main.storyboard */; };
		B22465102047F63500EDE2DF /* Assets.xcassets in Resources */ = {isa = PBXBuildFile; fileRef = B224650F2047F63500EDE2DF /* Assets.xcassets */; };
		B22465132047F63500EDE2DF /* LaunchScreen.storyboard in Resources */ = {isa = PBXBuildFile; fileRef = B22465112047F63500EDE2DF /* LaunchScreen.storyboard */; };
		B22465162047F63500EDE2DF /* main.m in Sources */ = {isa = PBXBuildFile; fileRef = B22465152047F63500EDE2DF /* main.m */; };
		B224651F2047F76A00EDE2DF /* RZShape.m in Sources */ = {isa = PBXBuildFile; fileRef = B224651E2047F76A00EDE2DF /* RZShape.m */; };
		B22465252048086300EDE2DF /* UIView+RZShape.m in Sources */ = {isa = PBXBuildFile; fileRef = B22465242048086300EDE2DF /* UIView+RZShape.m */; };
		B224652820481ECC00EDE2DF /* RZShapeLineAttribute.m in Sources */ = {isa = PBXBuildFile; fileRef = B224652720481ECC00EDE2DF /* RZShapeLineAttribute.m */; };
		B224652B2048203B00EDE2DF /* CAShapeLayer+RZShape.m in Sources */ = {isa = PBXBuildFile; fileRef = B224652A2048203B00EDE2DF /* CAShapeLayer+RZShape.m */; };
/* End PBXBuildFile section */

/* Begin PBXFileReference section */
		B22465032047F63500EDE2DF /* RZShapeDemo.app */ = {isa = PBXFileReference; explicitFileType = wrapper.application; includeInIndex = 0; path = RZShapeDemo.app; sourceTree = BUILT_PRODUCTS_DIR; };
		B22465062047F63500EDE2DF /* AppDelegate.h */ = {isa = PBXFileReference; lastKnownFileType = sourcecode.c.h; path = AppDelegate.h; sourceTree = "<group>"; };
		B22465072047F63500EDE2DF /* AppDelegate.m */ = {isa = PBXFileReference; lastKnownFileType = sourcecode.c.objc; path = AppDelegate.m; sourceTree = "<group>"; };
		B22465092047F63500EDE2DF /* ViewController.h */ = {isa = PBXFileReference; lastKnownFileType = sourcecode.c.h; path = ViewController.h; sourceTree = "<group>"; };
		B224650A2047F63500EDE2DF /* ViewController.m */ = {isa = PBXFileReference; lastKnownFileType = sourcecode.c.objc; path = ViewController.m; sourceTree = "<group>"; };
		B224650D2047F63500EDE2DF /* Base */ = {isa = PBXFileReference; lastKnownFileType = file.storyboard; name = Base; path = Base.lproj/Main.storyboard; sourceTree = "<group>"; };
		B224650F2047F63500EDE2DF /* Assets.xcassets */ = {isa = PBXFileReference; lastKnownFileType = folder.assetcatalog; path = Assets.xcassets; sourceTree = "<group>"; };
		B22465122047F63500EDE2DF /* Base */ = {isa = PBXFileReference; lastKnownFileType = file.storyboard; name = Base; path = Base.lproj/LaunchScreen.storyboard; sourceTree = "<group>"; };
		B22465142047F63500EDE2DF /* Info.plist */ = {isa = PBXFileReference; lastKnownFileType = text.plist.xml; path = Info.plist; sourceTree = "<group>"; };
		B22465152047F63500EDE2DF /* main.m */ = {isa = PBXFileReference; lastKnownFileType = sourcecode.c.objc; path = main.m; sourceTree = "<group>"; };
		B224651D2047F76A00EDE2DF /* RZShape.h */ = {isa = PBXFileReference; lastKnownFileType = sourcecode.c.h; path = RZShape.h; sourceTree = "<group>"; };
		B224651E2047F76A00EDE2DF /* RZShape.m */ = {isa = PBXFileReference; lastKnownFileType = sourcecode.c.objc; path = RZShape.m; sourceTree = "<group>"; };
		B22465232048086300EDE2DF /* UIView+RZShape.h */ = {isa = PBXFileReference; lastKnownFileType = sourcecode.c.h; path = "UIView+RZShape.h"; sourceTree = "<group>"; };
		B22465242048086300EDE2DF /* UIView+RZShape.m */ = {isa = PBXFileReference; lastKnownFileType = sourcecode.c.objc; path = "UIView+RZShape.m"; sourceTree = "<group>"; };
		B224652620481ECC00EDE2DF /* RZShapeLineAttribute.h */ = {isa = PBXFileReference; lastKnownFileType = sourcecode.c.h; path = RZShapeLineAttribute.h; sourceTree = "<group>"; };
		B224652720481ECC00EDE2DF /* RZShapeLineAttribute.m */ = {isa = PBXFileReference; lastKnownFileType = sourcecode.c.objc; path = RZShapeLineAttribute.m; sourceTree = "<group>"; };
		B22465292048203B00EDE2DF /* CAShapeLayer+RZShape.h */ = {isa = PBXFileReference; lastKnownFileType = sourcecode.c.h; path = "CAShapeLayer+RZShape.h"; sourceTree = "<group>"; };
		B224652A2048203B00EDE2DF /* CAShapeLayer+RZShape.m */ = {isa = PBXFileReference; lastKnownFileType = sourcecode.c.objc; path = "CAShapeLayer+RZShape.m"; sourceTree = "<group>"; };
/* End PBXFileReference section */

/* Begin PBXFrameworksBuildPhase section */
		B22465002047F63500EDE2DF /* Frameworks */ = {
			isa = PBXFrameworksBuildPhase;
			buildActionMask = 2147483647;
			files = (
			);
			runOnlyForDeploymentPostprocessing = 0;
		};
/* End PBXFrameworksBuildPhase section */

/* Begin PBXGroup section */
		B22464FA2047F63500EDE2DF = {
			isa = PBXGroup;
			children = (
				B22465052047F63500EDE2DF /* RZShapeDemo */,
				B22465042047F63500EDE2DF /* Products */,
			);
			sourceTree = "<group>";
		};
		B22465042047F63500EDE2DF /* Products */ = {
			isa = PBXGroup;
			children = (
				B22465032047F63500EDE2DF /* RZShapeDemo.app */,
			);
			name = Products;
			sourceTree = "<group>";
		};
		B22465052047F63500EDE2DF /* RZShapeDemo */ = {
			isa = PBXGroup;
			children = (
				B224651C2047F64300EDE2DF /* RZShape */,
				B22465062047F63500EDE2DF /* AppDelegate.h */,
				B22465072047F63500EDE2DF /* AppDelegate.m */,
				B22465092047F63500EDE2DF /* ViewController.h */,
				B224650A2047F63500EDE2DF /* ViewController.m */,
				B224650C2047F63500EDE2DF /* Main.storyboard */,
				B224650F2047F63500EDE2DF /* Assets.xcassets */,
				B22465112047F63500EDE2DF /* LaunchScreen.storyboard */,
				B22465142047F63500EDE2DF /* Info.plist */,
				B22465152047F63500EDE2DF /* main.m */,
			);
			path = RZShapeDemo;
			sourceTree = "<group>";
		};
		B224651C2047F64300EDE2DF /* RZShape */ = {
			isa = PBXGroup;
			children = (
				B224651D2047F76A00EDE2DF /* RZShape.h */,
				B224651E2047F76A00EDE2DF /* RZShape.m */,
				B224652620481ECC00EDE2DF /* RZShapeLineAttribute.h */,
				B224652720481ECC00EDE2DF /* RZShapeLineAttribute.m */,
				B22465232048086300EDE2DF /* UIView+RZShape.h */,
				B22465242048086300EDE2DF /* UIView+RZShape.m */,
				B22465292048203B00EDE2DF /* CAShapeLayer+RZShape.h */,
				B224652A2048203B00EDE2DF /* CAShapeLayer+RZShape.m */,
			);
			path = RZShape;
			sourceTree = "<group>";
		};
/* End PBXGroup section */

/* Begin PBXNativeTarget section */
		B22465022047F63500EDE2DF /* RZShapeDemo */ = {
			isa = PBXNativeTarget;
			buildConfigurationList = B22465192047F63500EDE2DF /* Build configuration list for PBXNativeTarget "RZShapeDemo" */;
			buildPhases = (
				B22464FF2047F63500EDE2DF /* Sources */,
				B22465002047F63500EDE2DF /* Frameworks */,
				B22465012047F63500EDE2DF /* Resources */,
			);
			buildRules = (
			);
			dependencies = (
			);
			name = RZShapeDemo;
			productName = RZShapeDemo;
			productReference = B22465032047F63500EDE2DF /* RZShapeDemo.app */;
			productType = "com.apple.product-type.application";
		};
/* End PBXNativeTarget section */

/* Begin PBXProject section */
		B22464FB2047F63500EDE2DF /* Project object */ = {
			isa = PBXProject;
			attributes = {
				LastUpgradeCheck = 0920;
				ORGANIZATIONNAME = rztime;
				TargetAttributes = {
					B22465022047F63500EDE2DF = {
						CreatedOnToolsVersion = 9.2;
						ProvisioningStyle = Automatic;
					};
				};
			};
			buildConfigurationList = B22464FE2047F63500EDE2DF /* Build configuration list for PBXProject "RZShapeDemo" */;
			compatibilityVersion = "Xcode 8.0";
			developmentRegion = en;
			hasScannedForEncodings = 0;
			knownRegions = (
				en,
				Base,
			);
			mainGroup = B22464FA2047F63500EDE2DF;
			productRefGroup = B22465042047F63500EDE2DF /* Products */;
			projectDirPath = "";
			projectRoot = "";
			targets = (
				B22465022047F63500EDE2DF /* RZShapeDemo */,
			);
		};
/* End PBXProject section */

/* Begin PBXResourcesBuildPhase section */
		B22465012047F63500EDE2DF /* Resources */ = {
			isa = PBXResourcesBuildPhase;
			buildActionMask = 2147483647;
			files = (
				B22465132047F63500EDE2DF /* LaunchScreen.storyboard in Resources */,
				B22465102047F63500EDE2DF /* Assets.xcassets in Resources */,
				B224650E2047F63500EDE2DF /* Main.storyboard in Resources */,
			);
			runOnlyForDeploymentPostprocessing = 0;
		};
/* End PBXResourcesBuildPhase section */

/* Begin PBXSourcesBuildPhase section */
		B22464FF2047F63500EDE2DF /* Sources */ = {
			isa = PBXSourcesBuildPhase;
			buildActionMask = 2147483647;
			files = (
				B22465252048086300EDE2DF /* UIView+RZShape.m in Sources */,
				B224650B2047F63500EDE2DF /* ViewController.m in Sources */,
				B224651F2047F76A00EDE2DF /* RZShape.m in Sources */,
				B224652B2048203B00EDE2DF /* CAShapeLayer+RZShape.m in Sources */,
				B224652820481ECC00EDE2DF /* RZShapeLineAttribute.m in Sources */,
				B22465162047F63500EDE2DF /* main.m in Sources */,
				B22465082047F63500EDE2DF /* AppDelegate.m in Sources */,
			);
			runOnlyForDeploymentPostprocessing = 0;
		};
/* End PBXSourcesBuildPhase section */

/* Begin PBXVariantGroup section */
		B224650C2047F63500EDE2DF /* Main.storyboard */ = {
			isa = PBXVariantGroup;
			children = (
				B224650D2047F63500EDE2DF /* Base */,
			);
			name = Main.storyboard;
			sourceTree = "<group>";
		};
		B22465112047F63500EDE2DF /* LaunchScreen.storyboard */ = {
			isa = PBXVariantGroup;
			children = (
				B22465122047F63500EDE2DF /* Base */,
			);
			name = LaunchScreen.storyboard;
			sourceTree = "<group>";
		};
/* End PBXVariantGroup section */

/* Begin XCBuildConfiguration section */
		B22465172047F63500EDE2DF /* Debug */ = {
			isa = XCBuildConfiguration;
			buildSettings = {
				ALWAYS_SEARCH_USER_PATHS = NO;
				CLANG_ANALYZER_NONNULL = YES;
				CLANG_ANALYZER_NUMBER_OBJECT_CONVERSION = YES_AGGRESSIVE;
				CLANG_CXX_LANGUAGE_STANDARD = "gnu++14";
				CLANG_CXX_LIBRARY = "libc++";
				CLANG_ENABLE_MODULES = YES;
				CLANG_ENABLE_OBJC_ARC = YES;
				CLANG_WARN_BLOCK_CAPTURE_AUTORELEASING = YES;
				CLANG_WARN_BOOL_CONVERSION = YES;
				CLANG_WARN_COMMA = YES;
				CLANG_WARN_CONSTANT_CONVERSION = YES;
				CLANG_WARN_DIRECT_OBJC_ISA_USAGE = YES_ERROR;
				CLANG_WARN_DOCUMENTATION_COMMENTS = YES;
				CLANG_WARN_EMPTY_BODY = YES;
				CLANG_WARN_ENUM_CONVERSION = YES;
				CLANG_WARN_INFINITE_RECURSION = YES;
				CLANG_WARN_INT_CONVERSION = YES;
				CLANG_WARN_NON_LITERAL_NULL_CONVERSION = YES;
				CLANG_WARN_OBJC_LITERAL_CONVERSION = YES;
				CLANG_WARN_OBJC_ROOT_CLASS = YES_ERROR;
				CLANG_WARN_RANGE_LOOP_ANALYSIS = YES;
				CLANG_WARN_STRICT_PROTOTYPES = YES;
				CLANG_WARN_SUSPICIOUS_MOVE = YES;
				CLANG_WARN_UNGUARDED_AVAILABILITY = YES_AGGRESSIVE;
				CLANG_WARN_UNREACHABLE_CODE = YES;
				CLANG_WARN__DUPLICATE_METHOD_MATCH = YES;
				CODE_SIGN_IDENTITY = "iPhone Developer";
				COPY_PHASE_STRIP = NO;
				DEBUG_INFORMATION_FORMAT = dwarf;
				ENABLE_STRICT_OBJC_MSGSEND = YES;
				ENABLE_TESTABILITY = YES;
				GCC_C_LANGUAGE_STANDARD = gnu11;
				GCC_DYNAMIC_NO_PIC = NO;
				GCC_NO_COMMON_BLOCKS = YES;
				GCC_OPTIMIZATION_LEVEL = 0;
				GCC_PREPROCESSOR_DEFINITIONS = (
					"DEBUG=1",
					"$(inherited)",
				);
				GCC_WARN_64_TO_32_BIT_CONVERSION = YES;
				GCC_WARN_ABOUT_RETURN_TYPE = YES_ERROR;
				GCC_WARN_UNDECLARED_SELECTOR = YES;
				GCC_WARN_UNINITIALIZED_AUTOS = YES_AGGRESSIVE;
				GCC_WARN_UNUSED_FUNCTION = YES;
				GCC_WARN_UNUSED_VARIABLE = YES;
				IPHONEOS_DEPLOYMENT_TARGET = 11.2;
				MTL_ENABLE_DEBUG_INFO = YES;
				ONLY_ACTIVE_ARCH = YES;
				SDKROOT = iphoneos;
			};
			name = Debug;
		};
		B22465182047F63500EDE2DF /* Release */ = {
			isa = XCBuildConfiguration;
			buildSettings = {
				ALWAYS_SEARCH_USER_PATHS = NO;
				CLANG_ANALYZER_NONNULL = YES;
				CLANG_ANALYZER_NUMBER_OBJECT_CONVERSION = YES_AGGRESSIVE;
				CLANG_CXX_LANGUAGE_STANDARD = "gnu++14";
				CLANG_CXX_LIBRARY = "libc++";
				CLANG_ENABLE_MODULES = YES;
				CLANG_ENABLE_OBJC_ARC = YES;
				CLANG_WARN_BLOCK_CAPTURE_AUTORELEASING = YES;
				CLANG_WARN_BOOL_CONVERSION = YES;
				CLANG_WARN_COMMA = YES;
				CLANG_WARN_CONSTANT_CONVERSION = YES;
				CLANG_WARN_DIRECT_OBJC_ISA_USAGE = YES_ERROR;
				CLANG_WARN_DOCUMENTATION_COMMENTS = YES;
				CLANG_WARN_EMPTY_BODY = YES;
				CLANG_WARN_ENUM_CONVERSION = YES;
				CLANG_WARN_INFINITE_RECURSION = YES;
				CLANG_WARN_INT_CONVERSION = YES;
				CLANG_WARN_NON_LITERAL_NULL_CONVERSION = YES;
				CLANG_WARN_OBJC_LITERAL_CONVERSION = YES;
				CLANG_WARN_OBJC_ROOT_CLASS = YES_ERROR;
				CLANG_WARN_RANGE_LOOP_ANALYSIS = YES;
				CLANG_WARN_STRICT_PROTOTYPES = YES;
				CLANG_WARN_SUSPICIOUS_MOVE = YES;
				CLANG_WARN_UNGUARDED_AVAILABILITY = YES_AGGRESSIVE;
				CLANG_WARN_UNREACHABLE_CODE = YES;
				CLANG_WARN__DUPLICATE_METHOD_MATCH = YES;
				CODE_SIGN_IDENTITY = "iPhone Developer";
				COPY_PHASE_STRIP = NO;
				DEBUG_INFORMATION_FORMAT = "dwarf-with-dsym";
				ENABLE_NS_ASSERTIONS = NO;
				ENABLE_STRICT_OBJC_MSGSEND = YES;
				GCC_C_LANGUAGE_STANDARD = gnu11;
				GCC_NO_COMMON_BLOCKS = YES;
				GCC_WARN_64_TO_32_BIT_CONVERSION = YES;
				GCC_WARN_ABOUT_RETURN_TYPE = YES_ERROR;
				GCC_WARN_UNDECLARED_SELECTOR = YES;
				GCC_WARN_UNINITIALIZED_AUTOS = YES_AGGRESSIVE;
				GCC_WARN_UNUSED_FUNCTION = YES;
				GCC_WARN_UNUSED_VARIABLE = YES;
				IPHONEOS_DEPLOYMENT_TARGET = 11.2;
				MTL_ENABLE_DEBUG_INFO = NO;
				SDKROOT = iphoneos;
				VALIDATE_PRODUCT = YES;
			};
			name = Release;
		};
		B224651A2047F63500EDE2DF /* Debug */ = {
			isa = XCBuildConfiguration;
			buildSettings = {
				ASSETCATALOG_COMPILER_APPICON_NAME = AppIcon;
				CODE_SIGN_STYLE = Automatic;
				DEVELOPMENT_TEAM = LBSWTUGGNB;
				INFOPLIST_FILE = RZShapeDemo/Info.plist;
				LD_RUNPATH_SEARCH_PATHS = "$(inherited) @executable_path/Frameworks";
				PRODUCT_BUNDLE_IDENTIFIER = rztime.RZShapeDemo;
				PRODUCT_NAME = "$(TARGET_NAME)";
				TARGETED_DEVICE_FAMILY = "1,2";
			};
			name = Debug;
		};
		B224651B2047F63500EDE2DF /* Release */ = {
			isa = XCBuildConfiguration;
			buildSettings = {
				ASSETCATALOG_COMPILER_APPICON_NAME = AppIcon;
				CODE_SIGN_STYLE = Automatic;
				DEVELOPMENT_TEAM = LBSWTUGGNB;
				INFOPLIST_FILE = RZShapeDemo/Info.plist;
				LD_RUNPATH_SEARCH_PATHS = "$(inherited) @executable_path/Frameworks";
				PRODUCT_BUNDLE_IDENTIFIER = rztime.RZShapeDemo;
				PRODUCT_NAME = "$(TARGET_NAME)";
				TARGETED_DEVICE_FAMILY = "1,2";
			};
			name = Release;
		};
/* End XCBuildConfiguration section */

/* Begin XCConfigurationList section */
		B22464FE2047F63500EDE2DF /* Build configuration list for PBXProject "RZShapeDemo" */ = {
			isa = XCConfigurationList;
			buildConfigurations = (
				B22465172047F63500EDE2DF /* Debug */,
				B22465182047F63500EDE2DF /* Release */,
			);
			defaultConfigurationIsVisible = 0;
			defaultConfigurationName = Release;
		};
		B22465192047F63500EDE2DF /* Build configuration list for PBXNativeTarget "RZShapeDemo" */ = {
			isa = XCConfigurationList;
			buildConfigurations = (
				B224651A2047F63500EDE2DF /* Debug */,
				B224651B2047F63500EDE2DF /* Release */,
			);
			defaultConfigurationIsVisible = 0;
			defaultConfigurationName = Release;
		};
/* End XCConfigurationList section */
	};
	rootObject = B22464FB2047F63500EDE2DF /* Project object */;
}
